// !$*UTF8*$!
{
	archiveVersion = 1;
	classes = {
	};
	objectVersion = 56;
	objects = {

/* Begin PBXBuildFile section */
		750BDF01290682C100C92B53 /* DBNavigatorCloneApp.swift in Sources */ = {isa = PBXBuildFile; fileRef = 750BDF00290682C100C92B53 /* DBNavigatorCloneApp.swift */; };
		750BDF03290682C100C92B53 /* ContentView.swift in Sources */ = {isa = PBXBuildFile; fileRef = 750BDF02290682C100C92B53 /* ContentView.swift */; };
		750BDF05290682C200C92B53 /* Assets.xcassets in Resources */ = {isa = PBXBuildFile; fileRef = 750BDF04290682C200C92B53 /* Assets.xcassets */; };
		750BDF08290682C200C92B53 /* Preview Assets.xcassets in Resources */ = {isa = PBXBuildFile; fileRef = 750BDF07290682C200C92B53 /* Preview Assets.xcassets */; };
		750BDF1029068D8E00C92B53 /* Constants.swift in Sources */ = {isa = PBXBuildFile; fileRef = 750BDF0F29068D8E00C92B53 /* Constants.swift */; };
		750BDF1329068F3A00C92B53 /* GeneralButton.swift in Sources */ = {isa = PBXBuildFile; fileRef = 750BDF1229068F3A00C92B53 /* GeneralButton.swift */; };
		750BDF152906964C00C92B53 /* OptionsBar.swift in Sources */ = {isa = PBXBuildFile; fileRef = 750BDF142906964C00C92B53 /* OptionsBar.swift */; };
		750C2CC12906A4DB0046BDCA /* TopSectionView.swift in Sources */ = {isa = PBXBuildFile; fileRef = 750C2CC02906A4DB0046BDCA /* TopSectionView.swift */; };
		750C2CC32906AFCF0046BDCA /* BookingView.swift in Sources */ = {isa = PBXBuildFile; fileRef = 750C2CC22906AFCF0046BDCA /* BookingView.swift */; };
		750C2CC52906B9B50046BDCA /* CustomTextField.swift in Sources */ = {isa = PBXBuildFile; fileRef = 750C2CC42906B9B50046BDCA /* CustomTextField.swift */; };
		750C2CC72906C3E50046BDCA /* Extensions.swift in Sources */ = {isa = PBXBuildFile; fileRef = 750C2CC62906C3E50046BDCA /* Extensions.swift */; };
		750C2CC92906C5BA0046BDCA /* DatePickerButton.swift in Sources */ = {isa = PBXBuildFile; fileRef = 750C2CC82906C5BA0046BDCA /* DatePickerButton.swift */; };
		750C2CCB2906C94D0046BDCA /* DotsSeparatorView.swift in Sources */ = {isa = PBXBuildFile; fileRef = 750C2CCA2906C94D0046BDCA /* DotsSeparatorView.swift */; };
		750C2CCD2906E50A0046BDCA /* NumbersTickerView.swift in Sources */ = {isa = PBXBuildFile; fileRef = 750C2CCC2906E50A0046BDCA /* NumbersTickerView.swift */; };
		75AB3C4429082ACD0045AAE0 /* SettingsView.swift in Sources */ = {isa = PBXBuildFile; fileRef = 75AB3C4329082ACD0045AAE0 /* SettingsView.swift */; };
		75CD494929092613000AD7F7 /* MenuView.swift in Sources */ = {isa = PBXBuildFile; fileRef = 75CD494829092613000AD7F7 /* MenuView.swift */; };
/* End PBXBuildFile section */

/* Begin PBXFileReference section */
		750BDEFD290682C100C92B53 /* DBNavigatorClone.app */ = {isa = PBXFileReference; explicitFileType = wrapper.application; includeInIndex = 0; path = DBNavigatorClone.app; sourceTree = BUILT_PRODUCTS_DIR; };
		750BDF00290682C100C92B53 /* DBNavigatorCloneApp.swift */ = {isa = PBXFileReference; lastKnownFileType = sourcecode.swift; path = DBNavigatorCloneApp.swift; sourceTree = "<group>"; };
		750BDF02290682C100C92B53 /* ContentView.swift */ = {isa = PBXFileReference; lastKnownFileType = sourcecode.swift; path = ContentView.swift; sourceTree = "<group>"; };
		750BDF04290682C200C92B53 /* Assets.xcassets */ = {isa = PBXFileReference; lastKnownFileType = folder.assetcatalog; path = Assets.xcassets; sourceTree = "<group>"; };
		750BDF07290682C200C92B53 /* Preview Assets.xcassets */ = {isa = PBXFileReference; lastKnownFileType = folder.assetcatalog; path = "Preview Assets.xcassets"; sourceTree = "<group>"; };
		750BDF0F29068D8E00C92B53 /* Constants.swift */ = {isa = PBXFileReference; lastKnownFileType = sourcecode.swift; path = Constants.swift; sourceTree = "<group>"; };
		750BDF1229068F3A00C92B53 /* GeneralButton.swift */ = {isa = PBXFileReference; lastKnownFileType = sourcecode.swift; path = GeneralButton.swift; sourceTree = "<group>"; };
		750BDF142906964C00C92B53 /* OptionsBar.swift */ = {isa = PBXFileReference; lastKnownFileType = sourcecode.swift; path = OptionsBar.swift; sourceTree = "<group>"; };
		750C2CC02906A4DB0046BDCA /* TopSectionView.swift */ = {isa = PBXFileReference; lastKnownFileType = sourcecode.swift; path = TopSectionView.swift; sourceTree = "<group>"; };
		750C2CC22906AFCF0046BDCA /* BookingView.swift */ = {isa = PBXFileReference; lastKnownFileType = sourcecode.swift; path = BookingView.swift; sourceTree = "<group>"; };
		750C2CC42906B9B50046BDCA /* CustomTextField.swift */ = {isa = PBXFileReference; lastKnownFileType = sourcecode.swift; path = CustomTextField.swift; sourceTree = "<group>"; };
		750C2CC62906C3E50046BDCA /* Extensions.swift */ = {isa = PBXFileReference; lastKnownFileType = sourcecode.swift; path = Extensions.swift; sourceTree = "<group>"; };
		750C2CC82906C5BA0046BDCA /* DatePickerButton.swift */ = {isa = PBXFileReference; lastKnownFileType = sourcecode.swift; path = DatePickerButton.swift; sourceTree = "<group>"; };
		750C2CCA2906C94D0046BDCA /* DotsSeparatorView.swift */ = {isa = PBXFileReference; lastKnownFileType = sourcecode.swift; path = DotsSeparatorView.swift; sourceTree = "<group>"; };
		750C2CCC2906E50A0046BDCA /* NumbersTickerView.swift */ = {isa = PBXFileReference; lastKnownFileType = sourcecode.swift; path = NumbersTickerView.swift; sourceTree = "<group>"; };
		75AB3C4329082ACD0045AAE0 /* SettingsView.swift */ = {isa = PBXFileReference; lastKnownFileType = sourcecode.swift; path = SettingsView.swift; sourceTree = "<group>"; };
		75CD494829092613000AD7F7 /* MenuView.swift */ = {isa = PBXFileReference; lastKnownFileType = sourcecode.swift; path = MenuView.swift; sourceTree = "<group>"; };
/* End PBXFileReference section */

/* Begin PBXFrameworksBuildPhase section */
		750BDEFA290682C100C92B53 /* Frameworks */ = {
			isa = PBXFrameworksBuildPhase;
			buildActionMask = 2147483647;
			files = (
			);
			runOnlyForDeploymentPostprocessing = 0;
		};
/* End PBXFrameworksBuildPhase section */

/* Begin PBXGroup section */
		750BDEF4290682C100C92B53 = {
			isa = PBXGroup;
			children = (
				750BDEFF290682C100C92B53 /* DBNavigatorClone */,
				750BDEFE290682C100C92B53 /* Products */,
			);
			sourceTree = "<group>";
		};
		750BDEFE290682C100C92B53 /* Products */ = {
			isa = PBXGroup;
			children = (
				750BDEFD290682C100C92B53 /* DBNavigatorClone.app */,
			);
			name = Products;
			sourceTree = "<group>";
		};
		750BDEFF290682C100C92B53 /* DBNavigatorClone */ = {
			isa = PBXGroup;
			children = (
				750BDF1129068E2A00C92B53 /* Elements */,
				750BDF0E29068D8400C92B53 /* Utilities */,
				750BDF00290682C100C92B53 /* DBNavigatorCloneApp.swift */,
				750BDF02290682C100C92B53 /* ContentView.swift */,
				75AB3C4329082ACD0045AAE0 /* SettingsView.swift */,
				750BDF04290682C200C92B53 /* Assets.xcassets */,
				750BDF06290682C200C92B53 /* Preview Content */,
			);
			path = DBNavigatorClone;
			sourceTree = "<group>";
		};
		750BDF06290682C200C92B53 /* Preview Content */ = {
			isa = PBXGroup;
			children = (
				750BDF07290682C200C92B53 /* Preview Assets.xcassets */,
			);
			path = "Preview Content";
			sourceTree = "<group>";
		};
		750BDF0E29068D8400C92B53 /* Utilities */ = {
			isa = PBXGroup;
			children = (
				750BDF0F29068D8E00C92B53 /* Constants.swift */,
				750C2CC62906C3E50046BDCA /* Extensions.swift */,
			);
			path = Utilities;
			sourceTree = "<group>";
		};
		750BDF1129068E2A00C92B53 /* Elements */ = {
			isa = PBXGroup;
			children = (
				750BDF1229068F3A00C92B53 /* GeneralButton.swift */,
				750BDF142906964C00C92B53 /* OptionsBar.swift */,
				750C2CC02906A4DB0046BDCA /* TopSectionView.swift */,
				750C2CC22906AFCF0046BDCA /* BookingView.swift */,
				750C2CC42906B9B50046BDCA /* CustomTextField.swift */,
				750C2CC82906C5BA0046BDCA /* DatePickerButton.swift */,
				750C2CCA2906C94D0046BDCA /* DotsSeparatorView.swift */,
				750C2CCC2906E50A0046BDCA /* NumbersTickerView.swift */,
				75CD494829092613000AD7F7 /* MenuView.swift */,
			);
			path = Elements;
			sourceTree = "<group>";
		};
/* End PBXGroup section */

/* Begin PBXNativeTarget section */
		750BDEFC290682C100C92B53 /* DBNavigatorClone */ = {
			isa = PBXNativeTarget;
			buildConfigurationList = 750BDF0B290682C200C92B53 /* Build configuration list for PBXNativeTarget "DBNavigatorClone" */;
			buildPhases = (
				750BDEF9290682C100C92B53 /* Sources */,
				750BDEFA290682C100C92B53 /* Frameworks */,
				750BDEFB290682C100C92B53 /* Resources */,
			);
			buildRules = (
			);
			dependencies = (
			);
			name = DBNavigatorClone;
			productName = DBNavigatorClone;
			productReference = 750BDEFD290682C100C92B53 /* DBNavigatorClone.app */;
			productType = "com.apple.product-type.application";
		};
/* End PBXNativeTarget section */

/* Begin PBXProject section */
		750BDEF5290682C100C92B53 /* Project object */ = {
			isa = PBXProject;
			attributes = {
				BuildIndependentTargetsInParallel = 1;
				LastSwiftUpdateCheck = 1400;
				LastUpgradeCheck = 1400;
				TargetAttributes = {
					750BDEFC290682C100C92B53 = {
						CreatedOnToolsVersion = 14.0.1;
					};
				};
			};
			buildConfigurationList = 750BDEF8290682C100C92B53 /* Build configuration list for PBXProject "DBNavigatorClone" */;
			compatibilityVersion = "Xcode 14.0";
			developmentRegion = en;
			hasScannedForEncodings = 0;
			knownRegions = (
				en,
				Base,
			);
			mainGroup = 750BDEF4290682C100C92B53;
			productRefGroup = 750BDEFE290682C100C92B53 /* Products */;
			projectDirPath = "";
			projectRoot = "";
			targets = (
				750BDEFC290682C100C92B53 /* DBNavigatorClone */,
			);
		};
/* End PBXProject section */

/* Begin PBXResourcesBuildPhase section */
		750BDEFB290682C100C92B53 /* Resources */ = {
			isa = PBXResourcesBuildPhase;
			buildActionMask = 2147483647;
			files = (
				750BDF08290682C200C92B53 /* Preview Assets.xcassets in Resources */,
				750BDF05290682C200C92B53 /* Assets.xcassets in Resources */,
			);
			runOnlyForDeploymentPostprocessing = 0;
		};
/* End PBXResourcesBuildPhase section */

/* Begin PBXSourcesBuildPhase section */
		750BDEF9290682C100C92B53 /* Sources */ = {
			isa = PBXSourcesBuildPhase;
			buildActionMask = 2147483647;
			files = (
				750BDF1329068F3A00C92B53 /* GeneralButton.swift in Sources */,
				750C2CC72906C3E50046BDCA /* Extensions.swift in Sources */,
				750C2CCB2906C94D0046BDCA /* DotsSeparatorView.swift in Sources */,
				750BDF152906964C00C92B53 /* OptionsBar.swift in Sources */,
				750C2CC32906AFCF0046BDCA /* BookingView.swift in Sources */,
				750C2CC12906A4DB0046BDCA /* TopSectionView.swift in Sources */,
				750C2CC52906B9B50046BDCA /* CustomTextField.swift in Sources */,
				75CD494929092613000AD7F7 /* MenuView.swift in Sources */,
				750BDF03290682C100C92B53 /* ContentView.swift in Sources */,
				750C2CC92906C5BA0046BDCA /* DatePickerButton.swift in Sources */,
				750BDF01290682C100C92B53 /* DBNavigatorCloneApp.swift in Sources */,
				750BDF1029068D8E00C92B53 /* Constants.swift in Sources */,
				750C2CCD2906E50A0046BDCA /* NumbersTickerView.swift in Sources */,
				75AB3C4429082ACD0045AAE0 /* SettingsView.swift in Sources */,
			);
			runOnlyForDeploymentPostprocessing = 0;
		};
/* End PBXSourcesBuildPhase section */

/* Begin XCBuildConfiguration section */
		750BDF09290682C200C92B53 /* Debug */ = {
			isa = XCBuildConfiguration;
			buildSettings = {
				ALWAYS_SEARCH_USER_PATHS = NO;
				CLANG_ANALYZER_NONNULL = YES;
				CLANG_ANALYZER_NUMBER_OBJECT_CONVERSION = YES_AGGRESSIVE;
				CLANG_CXX_LANGUAGE_STANDARD = "gnu++20";
				CLANG_ENABLE_MODULES = YES;
				CLANG_ENABLE_OBJC_ARC = YES;
				CLANG_ENABLE_OBJC_WEAK = YES;
				CLANG_WARN_BLOCK_CAPTURE_AUTORELEASING = YES;
				CLANG_WARN_BOOL_CONVERSION = YES;
				CLANG_WARN_COMMA = YES;
				CLANG_WARN_CONSTANT_CONVERSION = YES;
				CLANG_WARN_DEPRECATED_OBJC_IMPLEMENTATIONS = YES;
				CLANG_WARN_DIRECT_OBJC_ISA_USAGE = YES_ERROR;
				CLANG_WARN_DOCUMENTATION_COMMENTS = YES;
				CLANG_WARN_EMPTY_BODY = YES;
				CLANG_WARN_ENUM_CONVERSION = YES;
				CLANG_WARN_INFINITE_RECURSION = YES;
				CLANG_WARN_INT_CONVERSION = YES;
				CLANG_WARN_NON_LITERAL_NULL_CONVERSION = YES;
				CLANG_WARN_OBJC_IMPLICIT_RETAIN_SELF = YES;
				CLANG_WARN_OBJC_LITERAL_CONVERSION = YES;
				CLANG_WARN_OBJC_ROOT_CLASS = YES_ERROR;
				CLANG_WARN_QUOTED_INCLUDE_IN_FRAMEWORK_HEADER = YES;
				CLANG_WARN_RANGE_LOOP_ANALYSIS = YES;
				CLANG_WARN_STRICT_PROTOTYPES = YES;
				CLANG_WARN_SUSPICIOUS_MOVE = YES;
				CLANG_WARN_UNGUARDED_AVAILABILITY = YES_AGGRESSIVE;
				CLANG_WARN_UNREACHABLE_CODE = YES;
				CLANG_WARN__DUPLICATE_METHOD_MATCH = YES;
				COPY_PHASE_STRIP = NO;
				DEBUG_INFORMATION_FORMAT = dwarf;
				ENABLE_STRICT_OBJC_MSGSEND = YES;
				ENABLE_TESTABILITY = YES;
				GCC_C_LANGUAGE_STANDARD = gnu11;
				GCC_DYNAMIC_NO_PIC = NO;
				GCC_NO_COMMON_BLOCKS = YES;
				GCC_OPTIMIZATION_LEVEL = 0;
				GCC_PREPROCESSOR_DEFINITIONS = (
					"DEBUG=1",
					"$(inherited)",
				);
				GCC_WARN_64_TO_32_BIT_CONVERSION = YES;
				GCC_WARN_ABOUT_RETURN_TYPE = YES_ERROR;
				GCC_WARN_UNDECLARED_SELECTOR = YES;
				GCC_WARN_UNINITIALIZED_AUTOS = YES_AGGRESSIVE;
				GCC_WARN_UNUSED_FUNCTION = YES;
				GCC_WARN_UNUSED_VARIABLE = YES;
				IPHONEOS_DEPLOYMENT_TARGET = 16.0;
				MTL_ENABLE_DEBUG_INFO = INCLUDE_SOURCE;
				MTL_FAST_MATH = YES;
				ONLY_ACTIVE_ARCH = YES;
				SDKROOT = iphoneos;
				SWIFT_ACTIVE_COMPILATION_CONDITIONS = DEBUG;
				SWIFT_OPTIMIZATION_LEVEL = "-Onone";
			};
			name = Debug;
		};
		750BDF0A290682C200C92B53 /* Release */ = {
			isa = XCBuildConfiguration;
			buildSettings = {
				ALWAYS_SEARCH_USER_PATHS = NO;
				CLANG_ANALYZER_NONNULL = YES;
				CLANG_ANALYZER_NUMBER_OBJECT_CONVERSION = YES_AGGRESSIVE;
				CLANG_CXX_LANGUAGE_STANDARD = "gnu++20";
				CLANG_ENABLE_MODULES = YES;
				CLANG_ENABLE_OBJC_ARC = YES;
				CLANG_ENABLE_OBJC_WEAK = YES;
				CLANG_WARN_BLOCK_CAPTURE_AUTORELEASING = YES;
				CLANG_WARN_BOOL_CONVERSION = YES;
				CLANG_WARN_COMMA = YES;
				CLANG_WARN_CONSTANT_CONVERSION = YES;
				CLANG_WARN_DEPRECATED_OBJC_IMPLEMENTATIONS = YES;
				CLANG_WARN_DIRECT_OBJC_ISA_USAGE = YES_ERROR;
				CLANG_WARN_DOCUMENTATION_COMMENTS = YES;
				CLANG_WARN_EMPTY_BODY = YES;
				CLANG_WARN_ENUM_CONVERSION = YES;
				CLANG_WARN_INFINITE_RECURSION = YES;
				CLANG_WARN_INT_CONVERSION = YES;
				CLANG_WARN_NON_LITERAL_NULL_CONVERSION = YES;
				CLANG_WARN_OBJC_IMPLICIT_RETAIN_SELF = YES;
				CLANG_WARN_OBJC_LITERAL_CONVERSION = YES;
				CLANG_WARN_OBJC_ROOT_CLASS = YES_ERROR;
				CLANG_WARN_QUOTED_INCLUDE_IN_FRAMEWORK_HEADER = YES;
				CLANG_WARN_RANGE_LOOP_ANALYSIS = YES;
				CLANG_WARN_STRICT_PROTOTYPES = YES;
				CLANG_WARN_SUSPICIOUS_MOVE = YES;
				CLANG_WARN_UNGUARDED_AVAILABILITY = YES_AGGRESSIVE;
				CLANG_WARN_UNREACHABLE_CODE = YES;
				CLANG_WARN__DUPLICATE_METHOD_MATCH = YES;
				COPY_PHASE_STRIP = NO;
				DEBUG_INFORMATION_FORMAT = "dwarf-with-dsym";
				ENABLE_NS_ASSERTIONS = NO;
				ENABLE_STRICT_OBJC_MSGSEND = YES;
				GCC_C_LANGUAGE_STANDARD = gnu11;
				GCC_NO_COMMON_BLOCKS = YES;
				GCC_WARN_64_TO_32_BIT_CONVERSION = YES;
				GCC_WARN_ABOUT_RETURN_TYPE = YES_ERROR;
				GCC_WARN_UNDECLARED_SELECTOR = YES;
				GCC_WARN_UNINITIALIZED_AUTOS = YES_AGGRESSIVE;
				GCC_WARN_UNUSED_FUNCTION = YES;
				GCC_WARN_UNUSED_VARIABLE = YES;
				IPHONEOS_DEPLOYMENT_TARGET = 16.0;
				MTL_ENABLE_DEBUG_INFO = NO;
				MTL_FAST_MATH = YES;
				SDKROOT = iphoneos;
				SWIFT_COMPILATION_MODE = wholemodule;
				SWIFT_OPTIMIZATION_LEVEL = "-O";
				VALIDATE_PRODUCT = YES;
			};
			name = Release;
		};
		750BDF0C290682C200C92B53 /* Debug */ = {
			isa = XCBuildConfiguration;
			buildSettings = {
				ASSETCATALOG_COMPILER_APPICON_NAME = AppIcon;
				ASSETCATALOG_COMPILER_GLOBAL_ACCENT_COLOR_NAME = AccentColor;
				CODE_SIGN_STYLE = Automatic;
				CURRENT_PROJECT_VERSION = 1;
				DEVELOPMENT_ASSET_PATHS = "\"DBNavigatorClone/Preview Content\"";
				DEVELOPMENT_TEAM = 678L74QEPX;
				ENABLE_PREVIEWS = YES;
				GENERATE_INFOPLIST_FILE = YES;
				INFOPLIST_KEY_UIApplicationSceneManifest_Generation = YES;
				INFOPLIST_KEY_UIApplicationSupportsIndirectInputEvents = YES;
				INFOPLIST_KEY_UILaunchScreen_Generation = YES;
				INFOPLIST_KEY_UISupportedInterfaceOrientations_iPad = "UIInterfaceOrientationPortrait UIInterfaceOrientationPortraitUpsideDown UIInterfaceOrientationLandscapeLeft UIInterfaceOrientationLandscapeRight";
				INFOPLIST_KEY_UISupportedInterfaceOrientations_iPhone = "UIInterfaceOrientationPortrait UIInterfaceOrientationLandscapeLeft UIInterfaceOrientationLandscapeRight";
				LD_RUNPATH_SEARCH_PATHS = (
					"$(inherited)",
					"@executable_path/Frameworks",
				);
				MARKETING_VERSION = 1.0;
				PRODUCT_BUNDLE_IDENTIFIER = com.jonasg.DBNavigatorClone;
				PRODUCT_NAME = "$(TARGET_NAME)";
				SWIFT_EMIT_LOC_STRINGS = YES;
				SWIFT_VERSION = 5.0;
				TARGETED_DEVICE_FAMILY = "1,2";
			};
			name = Debug;
		};
		750BDF0D290682C200C92B53 /* Release */ = {
			isa = XCBuildConfiguration;
			buildSettings = {
				ASSETCATALOG_COMPILER_APPICON_NAME = AppIcon;
				ASSETCATALOG_COMPILER_GLOBAL_ACCENT_COLOR_NAME = AccentColor;
				CODE_SIGN_STYLE = Automatic;
				CURRENT_PROJECT_VERSION = 1;
				DEVELOPMENT_ASSET_PATHS = "\"DBNavigatorClone/Preview Content\"";
				DEVELOPMENT_TEAM = 678L74QEPX;
				ENABLE_PREVIEWS = YES;
				GENERATE_INFOPLIST_FILE = YES;
				INFOPLIST_KEY_UIApplicationSceneManifest_Generation = YES;
				INFOPLIST_KEY_UIApplicationSupportsIndirectInputEvents = YES;
				INFOPLIST_KEY_UILaunchScreen_Generation = YES;
				INFOPLIST_KEY_UISupportedInterfaceOrientations_iPad = "UIInterfaceOrientationPortrait UIInterfaceOrientationPortraitUpsideDown UIInterfaceOrientationLandscapeLeft UIInterfaceOrientationLandscapeRight";
				INFOPLIST_KEY_UISupportedInterfaceOrientations_iPhone = "UIInterfaceOrientationPortrait UIInterfaceOrientationLandscapeLeft UIInterfaceOrientationLandscapeRight";
				LD_RUNPATH_SEARCH_PATHS = (
					"$(inherited)",
					"@executable_path/Frameworks",
				);
				MARKETING_VERSION = 1.0;
				PRODUCT_BUNDLE_IDENTIFIER = com.jonasg.DBNavigatorClone;
				PRODUCT_NAME = "$(TARGET_NAME)";
				SWIFT_EMIT_LOC_STRINGS = YES;
				SWIFT_VERSION = 5.0;
				TARGETED_DEVICE_FAMILY = "1,2";
			};
			name = Release;
		};
/* End XCBuildConfiguration section */

/* Begin XCConfigurationList section */
		750BDEF8290682C100C92B53 /* Build configuration list for PBXProject "DBNavigatorClone" */ = {
			isa = XCConfigurationList;
			buildConfigurations = (
				750BDF09290682C200C92B53 /* Debug */,
				750BDF0A290682C200C92B53 /* Release */,
			);
			defaultConfigurationIsVisible = 0;
			defaultConfigurationName = Release;
		};
		750BDF0B290682C200C92B53 /* Build configuration list for PBXNativeTarget "DBNavigatorClone" */ = {
			isa = XCConfigurationList;
			buildConfigurations = (
				750BDF0C290682C200C92B53 /* Debug */,
				750BDF0D290682C200C92B53 /* Release */,
			);
			defaultConfigurationIsVisible = 0;
			defaultConfigurationName = Release;
		};
/* End XCConfigurationList section */
	};
	rootObject = 750BDEF5290682C100C92B53 /* Project object */;
}
